
Microsoft Visual Studio Solution File, Format Version 12.00
# Visual Studio Version 17
VisualStudioVersion = 17.6.33717.318
MinimumVisualStudioVersion = 10.0.40219.1
Project("{FAE04EC0-301F-11D3-BF4B-00C04F79EFBC}") = "Tools1.BenchmarkingApp", "Tools1.BenchmarkingApp\Tools1.BenchmarkingApp.csproj", "{B553C5A4-7F38-4614-86ED-BB79C4791618}"
EndProject

Global
	GlobalSection(SolutionConfigurationPlatforms) = preSolution
		Debug|Any CPU = Debug|Any CPU
		Release|Any CPU = Release|Any CPU
	EndGlobalSection
	GlobalSection(ProjectConfigurationPlatforms) = postSolution
		{B553C5A4-7F38-4614-86ED-BB79C4791618}.Debug|Any CPU.ActiveCfg = Debug|Any CPU
		{B553C5A4-7F38-4614-86ED-BB79C4791618}.Debug|Any CPU.Build.0 = Debug|Any CPU
		{B553C5A4-7F38-4614-86ED-BB79C4791618}.Release|Any CPU.ActiveCfg = Release|Any CPU
		{B553C5A4-7F38-4614-86ED-BB79C4791618}.Release|Any CPU.Build.0 = Release|Any CPU
		{F10CB326-1CA2-4637-A84A-B9DB86126255}.Debug|Any CPU.ActiveCfg = Debug|Any CPU
		{F10CB326-1CA2-4637-A84A-B9DB86126255}.Debug|Any CPU.Build.0 = Debug|Any CPU
		{F10CB326-1CA2-4637-A84A-B9DB86126255}.Release|Any CPU.ActiveCfg = Release|Any CPU
		{F10CB326-1CA2-4637-A84A-B9DB86126255}.Release|Any CPU.Build.0 = Release|Any CPU
	EndGlobalSection
	GlobalSection(SolutionProperties) = preSolution
		HideSolutionNode = FALSE
	EndGlobalSection
	GlobalSection(ExtensibilityGlobals) = postSolution
		SolutionGuid = {9DD48E2A-7C6B-43D7-81A8-D41F2C10EE66}
	EndGlobalSection
EndGlobal
